
Microsoft Visual Studio Solution File, Format Version 12.00
# Visual Studio Version 17
VisualStudioVersion = 17.7.34031.279
MinimumVisualStudioVersion = 10.0.40219.1
Project("{FAE04EC0-301F-11D3-BF4B-00C04F79EFBC}") = "project3data", "project3data\project3data.csproj", "{249E583F-2AF3-4128-AE34-3AE689CC012A}"
EndProject
Global
	GlobalSection(SolutionConfigurationPlatforms) = preSolution
		Debug|Any CPU = Debug|Any CPU
		Release|Any CPU = Release|Any CPU
	EndGlobalSection
	GlobalSection(ProjectConfigurationPlatforms) = postSolution
		{249E583F-2AF3-4128-AE34-3AE689CC012A}.Debug|Any CPU.ActiveCfg = Debug|Any CPU
		{249E583F-2AF3-4128-AE34-3AE689CC012A}.Debug|Any CPU.Build.0 = Debug|Any CPU
		{249E583F-2AF3-4128-AE34-3AE689CC012A}.Release|Any CPU.ActiveCfg = Release|Any CPU
		{249E583F-2AF3-4128-AE34-3AE689CC012A}.Release|Any CPU.Build.0 = Release|Any CPU
	EndGlobalSection
	GlobalSection(SolutionProperties) = preSolution
		HideSolutionNode = FALSE
	EndGlobalSection
	GlobalSection(ExtensibilityGlobals) = postSolution
		SolutionGuid = {7A6BB1B3-793F-4F08-A00A-670D721423B7}
	EndGlobalSection
EndGlobal
